
Microsoft Visual Studio Solution File, Format Version 12.00
# Visual Studio Version 17
VisualStudioVersion = 17.4.33205.214
MinimumVisualStudioVersion = 10.0.40219.1
Project("{9A19103F-16F7-4668-BE54-9A1E7A4F7556}") = "OrderingApp", "OrderingApp\OrderingApp.csproj", "{58D596A3-435E-4D8B-A419-79A52A05FFE0}"
EndProject
Project("{9A19103F-16F7-4668-BE54-9A1E7A4F7556}") = "OrderingApp.Model", "Code\Model\OrderingApp.Model.csproj", "{05043085-B1C4-4935-BD1C-CFD2BBDC2E3E}"
EndProject
Project("{9A19103F-16F7-4668-BE54-9A1E7A4F7556}") = "OrderingApp.Persistence", "Code\Persistence\OrderingApp.Persistence.csproj", "{35ED6511-B71E-4623-876C-CC7CEF1C2F40}"
EndProject
Global
	GlobalSection(SolutionConfigurationPlatforms) = preSolution
		Debug|Any CPU = Debug|Any CPU
		Release|Any CPU = Release|Any CPU
	EndGlobalSection
	GlobalSection(ProjectConfigurationPlatforms) = postSolution
		{58D596A3-435E-4D8B-A419-79A52A05FFE0}.Debug|Any CPU.ActiveCfg = Debug|Any CPU
		{58D596A3-435E-4D8B-A419-79A52A05FFE0}.Debug|Any CPU.Build.0 = Debug|Any CPU
		{58D596A3-435E-4D8B-A419-79A52A05FFE0}.Release|Any CPU.ActiveCfg = Release|Any CPU
		{58D596A3-435E-4D8B-A419-79A52A05FFE0}.Release|Any CPU.Build.0 = Release|Any CPU
		{05043085-B1C4-4935-BD1C-CFD2BBDC2E3E}.Debug|Any CPU.ActiveCfg = Debug|Any CPU
		{05043085-B1C4-4935-BD1C-CFD2BBDC2E3E}.Debug|Any CPU.Build.0 = Debug|Any CPU
		{05043085-B1C4-4935-BD1C-CFD2BBDC2E3E}.Release|Any CPU.ActiveCfg = Release|Any CPU
		{05043085-B1C4-4935-BD1C-CFD2BBDC2E3E}.Release|Any CPU.Build.0 = Release|Any CPU
		{35ED6511-B71E-4623-876C-CC7CEF1C2F40}.Debug|Any CPU.ActiveCfg = Debug|Any CPU
		{35ED6511-B71E-4623-876C-CC7CEF1C2F40}.Debug|Any CPU.Build.0 = Debug|Any CPU
		{35ED6511-B71E-4623-876C-CC7CEF1C2F40}.Release|Any CPU.ActiveCfg = Release|Any CPU
		{35ED6511-B71E-4623-876C-CC7CEF1C2F40}.Release|Any CPU.Build.0 = Release|Any CPU
	EndGlobalSection
	GlobalSection(SolutionProperties) = preSolution
		HideSolutionNode = FALSE
	EndGlobalSection
	GlobalSection(ExtensibilityGlobals) = postSolution
		SolutionGuid = {C1954DBA-F3E5-47F5-A4DA-6B02CAC37D9F}
	EndGlobalSection
EndGlobal
